
Microsoft Visual Studio Solution File, Format Version 12.00
# Visual Studio 2012
Project("{FAE04EC0-301F-11D3-BF4B-00C04F79EFBC}") = "MultiDelegateDemo1", "MultiDelegateDemo1\MultiDelegateDemo1.csproj", "{FF91732E-8142-4977-BA28-A566B2A90AD8}"
EndProject
Global
	GlobalSection(SolutionConfigurationPlatforms) = preSolution
		Debug|Any CPU = Debug|Any CPU
		Release|Any CPU = Release|Any CPU
	EndGlobalSection
	GlobalSection(ProjectConfigurationPlatforms) = postSolution
		{FF91732E-8142-4977-BA28-A566B2A90AD8}.Debug|Any CPU.ActiveCfg = Debug|Any CPU
		{FF91732E-8142-4977-BA28-A566B2A90AD8}.Debug|Any CPU.Build.0 = Debug|Any CPU
		{FF91732E-8142-4977-BA28-A566B2A90AD8}.Release|Any CPU.ActiveCfg = Release|Any CPU
		{FF91732E-8142-4977-BA28-A566B2A90AD8}.Release|Any CPU.Build.0 = Release|Any CPU
	EndGlobalSection
	GlobalSection(SolutionProperties) = preSolution
		HideSolutionNode = FALSE
	EndGlobalSection
EndGlobal
