
Microsoft Visual Studio Solution File, Format Version 12.00
# Visual Studio 2012
Project("{FAE04EC0-301F-11D3-BF4B-00C04F79EFBC}") = "BitwiseDemo1", "BitwiseDemo1\BitwiseDemo1.csproj", "{2C5C6059-A23B-47B9-95D6-030FF291A40D}"
EndProject
Global
	GlobalSection(SolutionConfigurationPlatforms) = preSolution
		Debug|Any CPU = Debug|Any CPU
		Release|Any CPU = Release|Any CPU
	EndGlobalSection
	GlobalSection(ProjectConfigurationPlatforms) = postSolution
		{2C5C6059-A23B-47B9-95D6-030FF291A40D}.Debug|Any CPU.ActiveCfg = Debug|Any CPU
		{2C5C6059-A23B-47B9-95D6-030FF291A40D}.Debug|Any CPU.Build.0 = Debug|Any CPU
		{2C5C6059-A23B-47B9-95D6-030FF291A40D}.Release|Any CPU.ActiveCfg = Release|Any CPU
		{2C5C6059-A23B-47B9-95D6-030FF291A40D}.Release|Any CPU.Build.0 = Release|Any CPU
	EndGlobalSection
	GlobalSection(SolutionProperties) = preSolution
		HideSolutionNode = FALSE
	EndGlobalSection
EndGlobal
