
Microsoft Visual Studio Solution File, Format Version 12.00
# Visual Studio 2012
Project("{FAE04EC0-301F-11D3-BF4B-00C04F79EFBC}") = "ConsoleApplication5", "ConsoleApplication5\ConsoleApplication5.csproj", "{B782F09D-9061-4594-965D-AE3B296FC067}"
EndProject
Global
	GlobalSection(SolutionConfigurationPlatforms) = preSolution
		Debug|Any CPU = Debug|Any CPU
		Release|Any CPU = Release|Any CPU
	EndGlobalSection
	GlobalSection(ProjectConfigurationPlatforms) = postSolution
		{B782F09D-9061-4594-965D-AE3B296FC067}.Debug|Any CPU.ActiveCfg = Debug|Any CPU
		{B782F09D-9061-4594-965D-AE3B296FC067}.Debug|Any CPU.Build.0 = Debug|Any CPU
		{B782F09D-9061-4594-965D-AE3B296FC067}.Release|Any CPU.ActiveCfg = Release|Any CPU
		{B782F09D-9061-4594-965D-AE3B296FC067}.Release|Any CPU.Build.0 = Release|Any CPU
	EndGlobalSection
	GlobalSection(SolutionProperties) = preSolution
		HideSolutionNode = FALSE
	EndGlobalSection
EndGlobal
