
Microsoft Visual Studio Solution File, Format Version 12.00
# Visual Studio 2012
Project("{FAE04EC0-301F-11D3-BF4B-00C04F79EFBC}") = "TreeSearchDemo1", "TreeSearchDemo1\TreeSearchDemo1.csproj", "{9AB6E2D5-B783-4A20-8936-4D09BB7EA42E}"
EndProject
Global
	GlobalSection(SolutionConfigurationPlatforms) = preSolution
		Debug|Any CPU = Debug|Any CPU
		Release|Any CPU = Release|Any CPU
	EndGlobalSection
	GlobalSection(ProjectConfigurationPlatforms) = postSolution
		{9AB6E2D5-B783-4A20-8936-4D09BB7EA42E}.Debug|Any CPU.ActiveCfg = Debug|Any CPU
		{9AB6E2D5-B783-4A20-8936-4D09BB7EA42E}.Debug|Any CPU.Build.0 = Debug|Any CPU
		{9AB6E2D5-B783-4A20-8936-4D09BB7EA42E}.Release|Any CPU.ActiveCfg = Release|Any CPU
		{9AB6E2D5-B783-4A20-8936-4D09BB7EA42E}.Release|Any CPU.Build.0 = Release|Any CPU
	EndGlobalSection
	GlobalSection(SolutionProperties) = preSolution
		HideSolutionNode = FALSE
	EndGlobalSection
EndGlobal
