
Microsoft Visual Studio Solution File, Format Version 10.00
# Visual C# Express 2008
Project("{FAE04EC0-301F-11D3-BF4B-00C04F79EFBC}") = "Tetris", "Tetris\Tetris.csproj", "{027C377F-722D-4A99-B208-6CE3F3608AF0}"
EndProject
Project("{FAE04EC0-301F-11D3-BF4B-00C04F79EFBC}") = "BlockConfig", "BlockConfig\BlockConfig.csproj", "{32AAF0D4-3E1D-41B4-84EE-9F89E2055B09}"
EndProject
Global
	GlobalSection(SolutionConfigurationPlatforms) = preSolution
		Debug|Any CPU = Debug|Any CPU
		Release|Any CPU = Release|Any CPU
	EndGlobalSection
	GlobalSection(ProjectConfigurationPlatforms) = postSolution
		{027C377F-722D-4A99-B208-6CE3F3608AF0}.Debug|Any CPU.ActiveCfg = Debug|Any CPU
		{027C377F-722D-4A99-B208-6CE3F3608AF0}.Debug|Any CPU.Build.0 = Debug|Any CPU
		{027C377F-722D-4A99-B208-6CE3F3608AF0}.Release|Any CPU.ActiveCfg = Release|Any CPU
		{027C377F-722D-4A99-B208-6CE3F3608AF0}.Release|Any CPU.Build.0 = Release|Any CPU
		{32AAF0D4-3E1D-41B4-84EE-9F89E2055B09}.Debug|Any CPU.ActiveCfg = Debug|Any CPU
		{32AAF0D4-3E1D-41B4-84EE-9F89E2055B09}.Debug|Any CPU.Build.0 = Debug|Any CPU
		{32AAF0D4-3E1D-41B4-84EE-9F89E2055B09}.Release|Any CPU.ActiveCfg = Release|Any CPU
		{32AAF0D4-3E1D-41B4-84EE-9F89E2055B09}.Release|Any CPU.Build.0 = Release|Any CPU
	EndGlobalSection
	GlobalSection(SolutionProperties) = preSolution
		HideSolutionNode = FALSE
	EndGlobalSection
EndGlobal
